
Microsoft Visual Studio Solution File, Format Version 12.00
# Visual Studio Version 16
VisualStudioVersion = 16.0.32228.343
MinimumVisualStudioVersion = 10.0.40219.1
Project("{FAE04EC0-301F-11D3-BF4B-00C04F79EFBC}") = "BancoBancoNS", "BancoBancoNS\BancoBancoNS.csproj", "{3C57C344-C329-4D77-8202-1D7E31941D1C}"
EndProject
Global
	GlobalSection(SolutionConfigurationPlatforms) = preSolution
		Debug|Any CPU = Debug|Any CPU
		Release|Any CPU = Release|Any CPU
	EndGlobalSection
	GlobalSection(ProjectConfigurationPlatforms) = postSolution
		{3C57C344-C329-4D77-8202-1D7E31941D1C}.Debug|Any CPU.ActiveCfg = Debug|Any CPU
		{3C57C344-C329-4D77-8202-1D7E31941D1C}.Debug|Any CPU.Build.0 = Debug|Any CPU
		{3C57C344-C329-4D77-8202-1D7E31941D1C}.Release|Any CPU.ActiveCfg = Release|Any CPU
		{3C57C344-C329-4D77-8202-1D7E31941D1C}.Release|Any CPU.Build.0 = Release|Any CPU
	EndGlobalSection
	GlobalSection(SolutionProperties) = preSolution
		HideSolutionNode = FALSE
	EndGlobalSection
	GlobalSection(ExtensibilityGlobals) = postSolution
		SolutionGuid = {09EE078B-DF00-4276-94CD-17DDAF521071}
	EndGlobalSection
EndGlobal
